Microsoft Visual Studio Solution File, Format Version 12.00
# Visual Studio Version 17
VisualStudioVersion = 17.5.2.0
MinimumVisualStudioVersion = 10.0.40219.1
Project("{FAE04EC0-301F-11D3-BF4B-00C04F79EFBC}") = "obs-websocket-dotnet", "obs-websocket-dotnet.csproj", "{5AC0B170-AAA9-B8F0-EEFB-70DD0783DAB9}"
EndProject
Global
	GlobalSection(SolutionConfigurationPlatforms) = preSolution
		Debug|Any CPU = Debug|Any CPU
		Release|Any CPU = Release|Any CPU
	EndGlobalSection
	GlobalSection(ProjectConfigurationPlatforms) = postSolution
		{5AC0B170-AAA9-B8F0-EEFB-70DD0783DAB9}.Debug|Any CPU.ActiveCfg = Debug|Any CPU
		{5AC0B170-AAA9-B8F0-EEFB-70DD0783DAB9}.Debug|Any CPU.Build.0 = Debug|Any CPU
		{5AC0B170-AAA9-B8F0-EEFB-70DD0783DAB9}.Release|Any CPU.ActiveCfg = Release|Any CPU
		{5AC0B170-AAA9-B8F0-EEFB-70DD0783DAB9}.Release|Any CPU.Build.0 = Release|Any CPU
	EndGlobalSection
	GlobalSection(SolutionProperties) = preSolution
		HideSolutionNode = FALSE
	EndGlobalSection
	GlobalSection(ExtensibilityGlobals) = postSolution
		SolutionGuid = {6924170C-0398-46BF-80E8-94E6D34473DC}
	EndGlobalSection
EndGlobal
